
Microsoft Visual Studio Solution File, Format Version 12.00
# Visual Studio Version 16
VisualStudioVersion = 16.0.29503.13
MinimumVisualStudioVersion = 10.0.40219.1
Project("{FAE04EC0-301F-11D3-BF4B-00C04F79EFBC}") = "Notes.Android", "Notes\Notes.Android\Notes.Android.csproj", "{3B7F7F88-94ED-4BF2-8D22-2A61015B251F}"
EndProject
Project("{FAE04EC0-301F-11D3-BF4B-00C04F79EFBC}") = "Notes.iOS", "Notes\Notes.iOS\Notes.iOS.csproj", "{5523C3AE-760C-4986-BECD-71E0689FD7F5}"
EndProject
Project("{FAE04EC0-301F-11D3-BF4B-00C04F79EFBC}") = "Notes", "Notes\Notes\Notes.csproj", "{50D3891C-F00B-4C6B-9695-82F0E4BFBE38}"
EndProject
Global
	GlobalSection(SolutionConfigurationPlatforms) = preSolution
		Debug|Any CPU = Debug|Any CPU
		Debug|iPhone = Debug|iPhone
		Debug|iPhoneSimulator = Debug|iPhoneSimulator
		Release|Any CPU = Release|Any CPU
		Release|iPhone = Release|iPhone
		Release|iPhoneSimulator = Release|iPhoneSimulator
	EndGlobalSection
	GlobalSection(ProjectConfigurationPlatforms) = postSolution
		{3B7F7F88-94ED-4BF2-8D22-2A61015B251F}.Debug|Any CPU.ActiveCfg = Debug|Any CPU
		{3B7F7F88-94ED-4BF2-8D22-2A61015B251F}.Debug|Any CPU.Build.0 = Debug|Any CPU
		{3B7F7F88-94ED-4BF2-8D22-2A61015B251F}.Debug|Any CPU.Deploy.0 = Debug|Any CPU
		{3B7F7F88-94ED-4BF2-8D22-2A61015B251F}.Debug|iPhone.ActiveCfg = Debug|Any CPU
		{3B7F7F88-94ED-4BF2-8D22-2A61015B251F}.Debug|iPhone.Build.0 = Debug|Any CPU
		{3B7F7F88-94ED-4BF2-8D22-2A61015B251F}.Debug|iPhone.Deploy.0 = Debug|Any CPU
		{3B7F7F88-94ED-4BF2-8D22-2A61015B251F}.Debug|iPhoneSimulator.ActiveCfg = Debug|Any CPU
		{3B7F7F88-94ED-4BF2-8D22-2A61015B251F}.Debug|iPhoneSimulator.Build.0 = Debug|Any CPU
		{3B7F7F88-94ED-4BF2-8D22-2A61015B251F}.Debug|iPhoneSimulator.Deploy.0 = Debug|Any CPU
		{3B7F7F88-94ED-4BF2-8D22-2A61015B251F}.Release|Any CPU.ActiveCfg = Release|Any CPU
		{3B7F7F88-94ED-4BF2-8D22-2A61015B251F}.Release|Any CPU.Build.0 = Release|Any CPU
		{3B7F7F88-94ED-4BF2-8D22-2A61015B251F}.Release|Any CPU.Deploy.0 = Release|Any CPU
		{3B7F7F88-94ED-4BF2-8D22-2A61015B251F}.Release|iPhone.ActiveCfg = Release|Any CPU
		{3B7F7F88-94ED-4BF2-8D22-2A61015B251F}.Release|iPhone.Build.0 = Release|Any CPU
		{3B7F7F88-94ED-4BF2-8D22-2A61015B251F}.Release|iPhone.Deploy.0 = Release|Any CPU
		{3B7F7F88-94ED-4BF2-8D22-2A61015B251F}.Release|iPhoneSimulator.ActiveCfg = Release|Any CPU
		{3B7F7F88-94ED-4BF2-8D22-2A61015B251F}.Release|iPhoneSimulator.Build.0 = Release|Any CPU
		{3B7F7F88-94ED-4BF2-8D22-2A61015B251F}.Release|iPhoneSimulator.Deploy.0 = Release|Any CPU
		{5523C3AE-760C-4986-BECD-71E0689FD7F5}.Debug|Any CPU.ActiveCfg = Debug|iPhoneSimulator
		{5523C3AE-760C-4986-BECD-71E0689FD7F5}.Debug|Any CPU.Build.0 = Debug|iPhoneSimulator
		{5523C3AE-760C-4986-BECD-71E0689FD7F5}.Debug|Any CPU.Deploy.0 = Debug|iPhoneSimulator
		{5523C3AE-760C-4986-BECD-71E0689FD7F5}.Debug|iPhone.ActiveCfg = Debug|iPhone
		{5523C3AE-760C-4986-BECD-71E0689FD7F5}.Debug|iPhone.Build.0 = Debug|iPhone
		{5523C3AE-760C-4986-BECD-71E0689FD7F5}.Debug|iPhone.Deploy.0 = Debug|iPhone
		{5523C3AE-760C-4986-BECD-71E0689FD7F5}.Debug|iPhoneSimulator.ActiveCfg = Debug|iPhoneSimulator
		{5523C3AE-760C-4986-BECD-71E0689FD7F5}.Debug|iPhoneSimulator.Build.0 = Debug|iPhoneSimulator
		{5523C3AE-760C-4986-BECD-71E0689FD7F5}.Debug|iPhoneSimulator.Deploy.0 = Debug|iPhoneSimulator
		{5523C3AE-760C-4986-BECD-71E0689FD7F5}.Release|Any CPU.ActiveCfg = Release|iPhone
		{5523C3AE-760C-4986-BECD-71E0689FD7F5}.Release|Any CPU.Build.0 = Release|iPhone
		{5523C3AE-760C-4986-BECD-71E0689FD7F5}.Release|Any CPU.Deploy.0 = Release|iPhone
		{5523C3AE-760C-4986-BECD-71E0689FD7F5}.Release|iPhone.ActiveCfg = Release|iPhone
		{5523C3AE-760C-4986-BECD-71E0689FD7F5}.Release|iPhone.Build.0 = Release|iPhone
		{5523C3AE-760C-4986-BECD-71E0689FD7F5}.Release|iPhone.Deploy.0 = Release|iPhone
		{5523C3AE-760C-4986-BECD-71E0689FD7F5}.Release|iPhoneSimulator.ActiveCfg = Release|iPhoneSimulator
		{5523C3AE-760C-4986-BECD-71E0689FD7F5}.Release|iPhoneSimulator.Build.0 = Release|iPhoneSimulator
		{5523C3AE-760C-4986-BECD-71E0689FD7F5}.Release|iPhoneSimulator.Deploy.0 = Release|iPhoneSimulator
		{50D3891C-F00B-4C6B-9695-82F0E4BFBE38}.Debug|Any CPU.ActiveCfg = Debug|Any CPU
		{50D3891C-F00B-4C6B-9695-82F0E4BFBE38}.Debug|Any CPU.Build.0 = Debug|Any CPU
		{50D3891C-F00B-4C6B-9695-82F0E4BFBE38}.Debug|Any CPU.Deploy.0 = Debug|Any CPU
		{50D3891C-F00B-4C6B-9695-82F0E4BFBE38}.Debug|iPhone.ActiveCfg = Debug|Any CPU
		{50D3891C-F00B-4C6B-9695-82F0E4BFBE38}.Debug|iPhone.Build.0 = Debug|Any CPU
		{50D3891C-F00B-4C6B-9695-82F0E4BFBE38}.Debug|iPhone.Deploy.0 = Debug|Any CPU
		{50D3891C-F00B-4C6B-9695-82F0E4BFBE38}.Debug|iPhoneSimulator.ActiveCfg = Debug|Any CPU
		{50D3891C-F00B-4C6B-9695-82F0E4BFBE38}.Debug|iPhoneSimulator.Build.0 = Debug|Any CPU
		{50D3891C-F00B-4C6B-9695-82F0E4BFBE38}.Debug|iPhoneSimulator.Deploy.0 = Debug|Any CPU
		{50D3891C-F00B-4C6B-9695-82F0E4BFBE38}.Release|Any CPU.ActiveCfg = Release|Any CPU
		{50D3891C-F00B-4C6B-9695-82F0E4BFBE38}.Release|Any CPU.Build.0 = Release|Any CPU
		{50D3891C-F00B-4C6B-9695-82F0E4BFBE38}.Release|Any CPU.Deploy.0 = Release|Any CPU
		{50D3891C-F00B-4C6B-9695-82F0E4BFBE38}.Release|iPhone.ActiveCfg = Release|Any CPU
		{50D3891C-F00B-4C6B-9695-82F0E4BFBE38}.Release|iPhone.Build.0 = Release|Any CPU
		{50D3891C-F00B-4C6B-9695-82F0E4BFBE38}.Release|iPhone.Deploy.0 = Release|Any CPU
		{50D3891C-F00B-4C6B-9695-82F0E4BFBE38}.Release|iPhoneSimulator.ActiveCfg = Release|Any CPU
		{50D3891C-F00B-4C6B-9695-82F0E4BFBE38}.Release|iPhoneSimulator.Build.0 = Release|Any CPU
		{50D3891C-F00B-4C6B-9695-82F0E4BFBE38}.Release|iPhoneSimulator.Deploy.0 = Release|Any CPU
	EndGlobalSection
	GlobalSection(SolutionProperties) = preSolution
		HideSolutionNode = FALSE
	EndGlobalSection
	GlobalSection(ExtensibilityGlobals) = postSolution
		SolutionGuid = {81EE3276-BF08-448C-B8A4-7BAE961C0D7F}
	EndGlobalSection
EndGlobal
